
Microsoft Visual Studio Solution File, Format Version 12.00
# Visual Studio Version 16
VisualStudioVersion = 16.0.29806.167
MinimumVisualStudioVersion = 10.0.40219.1
Project("{9A19103F-16F7-4668-BE54-9A1E7A4F7556}") = "LogWire-Controller", "LogWire-Controller\LogWire-Controller.csproj", "{91EF4F67-77A8-4612-A51B-8A39F92E61EF}"
EndProject
Project("{9A19103F-16F7-4668-BE54-9A1E7A4F7556}") = "LogWire-Controller.Tests", "LogWire-Controller.Tests\LogWire-Controller.Tests.csproj", "{618E5482-4079-4130-B7D9-831FACD1094F}"
EndProject
Project("{9A19103F-16F7-4668-BE54-9A1E7A4F7556}") = "LogWire-Controller.Client", "LogWire-Controller.Client\LogWire-Controller.Client.csproj", "{BE287EBE-7B0F-4625-AD2D-AD226EE879F8}"
EndProject
Global
	GlobalSection(SolutionConfigurationPlatforms) = preSolution
		Debug|Any CPU = Debug|Any CPU
		Release|Any CPU = Release|Any CPU
	EndGlobalSection
	GlobalSection(ProjectConfigurationPlatforms) = postSolution
		{91EF4F67-77A8-4612-A51B-8A39F92E61EF}.Debug|Any CPU.ActiveCfg = Debug|Any CPU
		{91EF4F67-77A8-4612-A51B-8A39F92E61EF}.Debug|Any CPU.Build.0 = Debug|Any CPU
		{91EF4F67-77A8-4612-A51B-8A39F92E61EF}.Release|Any CPU.ActiveCfg = Release|Any CPU
		{91EF4F67-77A8-4612-A51B-8A39F92E61EF}.Release|Any CPU.Build.0 = Release|Any CPU
		{618E5482-4079-4130-B7D9-831FACD1094F}.Debug|Any CPU.ActiveCfg = Debug|Any CPU
		{618E5482-4079-4130-B7D9-831FACD1094F}.Debug|Any CPU.Build.0 = Debug|Any CPU
		{618E5482-4079-4130-B7D9-831FACD1094F}.Release|Any CPU.ActiveCfg = Release|Any CPU
		{618E5482-4079-4130-B7D9-831FACD1094F}.Release|Any CPU.Build.0 = Release|Any CPU
		{BE287EBE-7B0F-4625-AD2D-AD226EE879F8}.Debug|Any CPU.ActiveCfg = Debug|Any CPU
		{BE287EBE-7B0F-4625-AD2D-AD226EE879F8}.Debug|Any CPU.Build.0 = Debug|Any CPU
		{BE287EBE-7B0F-4625-AD2D-AD226EE879F8}.Release|Any CPU.ActiveCfg = Release|Any CPU
		{BE287EBE-7B0F-4625-AD2D-AD226EE879F8}.Release|Any CPU.Build.0 = Release|Any CPU
	EndGlobalSection
	GlobalSection(SolutionProperties) = preSolution
		HideSolutionNode = FALSE
	EndGlobalSection
	GlobalSection(ExtensibilityGlobals) = postSolution
		SolutionGuid = {F353A3EB-CB15-44C7-9ABF-0C7AC2F1EF1B}
	EndGlobalSection
EndGlobal
